// !$*UTF8*$!
{
	archiveVersion = 1;
	classes = {
	};
	objectVersion = 46;
	objects = {

/* Begin PBXBuildFile section */
		50BC36DE190FBB44517F1B53 /* Pods_weeklyweather.framework in Frameworks */ = {isa = PBXBuildFile; fileRef = 57AF7D90A30B68201666AF7E /* Pods_weeklyweather.framework */; };
		A471F52A1E25162200EED732 /* AppDelegate.swift in Sources */ = {isa = PBXBuildFile; fileRef = A471F5291E25162200EED732 /* AppDelegate.swift */; };
		A471F52C1E25162200EED732 /* WeatherVC.swift in Sources */ = {isa = PBXBuildFile; fileRef = A471F52B1E25162200EED732 /* WeatherVC.swift */; };
		A471F52F1E25162200EED732 /* Main.storyboard in Resources */ = {isa = PBXBuildFile; fileRef = A471F52D1E25162200EED732 /* Main.storyboard */; };
		A471F5311E25162200EED732 /* Assets.xcassets in Resources */ = {isa = PBXBuildFile; fileRef = A471F5301E25162200EED732 /* Assets.xcassets */; };
		A471F5341E25162200EED732 /* LaunchScreen.storyboard in Resources */ = {isa = PBXBuildFile; fileRef = A471F5321E25162200EED732 /* LaunchScreen.storyboard */; };
		A471F53C1E25317A00EED732 /* Constants.swift in Sources */ = {isa = PBXBuildFile; fileRef = A471F53B1E25317A00EED732 /* Constants.swift */; };
		A471F53E1E25338700EED732 /* CurrentWeather.swift in Sources */ = {isa = PBXBuildFile; fileRef = A471F53D1E25338700EED732 /* CurrentWeather.swift */; };
		A471F5401E2556AD00EED732 /* Forecast.swift in Sources */ = {isa = PBXBuildFile; fileRef = A471F53F1E2556AD00EED732 /* Forecast.swift */; };
		A471F5421E256DA800EED732 /* WeatherCell.swift in Sources */ = {isa = PBXBuildFile; fileRef = A471F5411E256DA800EED732 /* WeatherCell.swift */; };
		A471F5441E2576FC00EED732 /* Location.swift in Sources */ = {isa = PBXBuildFile; fileRef = A471F5431E2576FC00EED732 /* Location.swift */; };
/* End PBXBuildFile section */

/* Begin PBXFileReference section */
		57AF7D90A30B68201666AF7E /* Pods_weeklyweather.framework */ = {isa = PBXFileReference; explicitFileType = wrapper.framework; includeInIndex = 0; path = Pods_weeklyweather.framework; sourceTree = BUILT_PRODUCTS_DIR; };
		823968FF372969AC2297A149 /* Pods-weeklyweather.release.xcconfig */ = {isa = PBXFileReference; includeInIndex = 1; lastKnownFileType = text.xcconfig; name = "Pods-weeklyweather.release.xcconfig"; path = "Pods/Target Support Files/Pods-weeklyweather/Pods-weeklyweather.release.xcconfig"; sourceTree = "<group>"; };
		A471F5261E25162200EED732 /* weeklyweather.app */ = {isa = PBXFileReference; explicitFileType = wrapper.application; includeInIndex = 0; path = weeklyweather.app; sourceTree = BUILT_PRODUCTS_DIR; };
		A471F5291E25162200EED732 /* AppDelegate.swift */ = {isa = PBXFileReference; lastKnownFileType = sourcecode.swift; path = AppDelegate.swift; sourceTree = "<group>"; };
		A471F52B1E25162200EED732 /* WeatherVC.swift */ = {isa = PBXFileReference; lastKnownFileType = sourcecode.swift; path = WeatherVC.swift; sourceTree = "<group>"; };
		A471F52E1E25162200EED732 /* Base */ = {isa = PBXFileReference; lastKnownFileType = file.storyboard; name = Base; path = Base.lproj/Main.storyboard; sourceTree = "<group>"; };
		A471F5301E25162200EED732 /* Assets.xcassets */ = {isa = PBXFileReference; lastKnownFileType = folder.assetcatalog; path = Assets.xcassets; sourceTree = "<group>"; };
		A471F5331E25162200EED732 /* Base */ = {isa = PBXFileReference; lastKnownFileType = file.storyboard; name = Base; path = Base.lproj/LaunchScreen.storyboard; sourceTree = "<group>"; };
		A471F5351E25162200EED732 /* Info.plist */ = {isa = PBXFileReference; lastKnownFileType = text.plist.xml; path = Info.plist; sourceTree = "<group>"; };
		A471F53B1E25317A00EED732 /* Constants.swift */ = {isa = PBXFileReference; fileEncoding = 4; lastKnownFileType = sourcecode.swift; name = Constants.swift; path = ../Constants.swift; sourceTree = "<group>"; };
		A471F53D1E25338700EED732 /* CurrentWeather.swift */ = {isa = PBXFileReference; fileEncoding = 4; lastKnownFileType = sourcecode.swift; path = CurrentWeather.swift; sourceTree = "<group>"; };
		A471F53F1E2556AD00EED732 /* Forecast.swift */ = {isa = PBXFileReference; fileEncoding = 4; lastKnownFileType = sourcecode.swift; path = Forecast.swift; sourceTree = "<group>"; };
		A471F5411E256DA800EED732 /* WeatherCell.swift */ = {isa = PBXFileReference; fileEncoding = 4; lastKnownFileType = sourcecode.swift; path = WeatherCell.swift; sourceTree = "<group>"; };
		A471F5431E2576FC00EED732 /* Location.swift */ = {isa = PBXFileReference; fileEncoding = 4; lastKnownFileType = sourcecode.swift; path = Location.swift; sourceTree = "<group>"; };
		B31E7B7CEA7AA8D14053AF0E /* Pods-weeklyweather.debug.xcconfig */ = {isa = PBXFileReference; includeInIndex = 1; lastKnownFileType = text.xcconfig; name = "Pods-weeklyweather.debug.xcconfig"; path = "Pods/Target Support Files/Pods-weeklyweather/Pods-weeklyweather.debug.xcconfig"; sourceTree = "<group>"; };
/* End PBXFileReference section */

/* Begin PBXFrameworksBuildPhase section */
		A471F5231E25162200EED732 /* Frameworks */ = {
			isa = PBXFrameworksBuildPhase;
			buildActionMask = 2147483647;
			files = (
				50BC36DE190FBB44517F1B53 /* Pods_weeklyweather.framework in Frameworks */,
			);
			runOnlyForDeploymentPostprocessing = 0;
		};
/* End PBXFrameworksBuildPhase section */

/* Begin PBXGroup section */
		3B30589BA0500AF9DB6BB755 /* Frameworks */ = {
			isa = PBXGroup;
			children = (
				57AF7D90A30B68201666AF7E /* Pods_weeklyweather.framework */,
			);
			name = Frameworks;
			sourceTree = "<group>";
		};
		90273CF5E5708B6950EBD639 /* Pods */ = {
			isa = PBXGroup;
			children = (
				B31E7B7CEA7AA8D14053AF0E /* Pods-weeklyweather.debug.xcconfig */,
				823968FF372969AC2297A149 /* Pods-weeklyweather.release.xcconfig */,
			);
			name = Pods;
			sourceTree = "<group>";
		};
		A471F51D1E25162200EED732 = {
			isa = PBXGroup;
			children = (
				A471F5281E25162200EED732 /* weeklyweather */,
				A471F5271E25162200EED732 /* Products */,
				90273CF5E5708B6950EBD639 /* Pods */,
				3B30589BA0500AF9DB6BB755 /* Frameworks */,
			);
			sourceTree = "<group>";
		};
		A471F5271E25162200EED732 /* Products */ = {
			isa = PBXGroup;
			children = (
				A471F5261E25162200EED732 /* weeklyweather.app */,
			);
			name = Products;
			sourceTree = "<group>";
		};
		A471F5281E25162200EED732 /* weeklyweather */ = {
			isa = PBXGroup;
			children = (
				A471F5291E25162200EED732 /* AppDelegate.swift */,
				A471F52B1E25162200EED732 /* WeatherVC.swift */,
				A471F52D1E25162200EED732 /* Main.storyboard */,
				A471F5301E25162200EED732 /* Assets.xcassets */,
				A471F5321E25162200EED732 /* LaunchScreen.storyboard */,
				A471F5351E25162200EED732 /* Info.plist */,
				A471F53B1E25317A00EED732 /* Constants.swift */,
				A471F53D1E25338700EED732 /* CurrentWeather.swift */,
				A471F53F1E2556AD00EED732 /* Forecast.swift */,
				A471F5411E256DA800EED732 /* WeatherCell.swift */,
				A471F5431E2576FC00EED732 /* Location.swift */,
			);
			path = weeklyweather;
			sourceTree = "<group>";
		};
/* End PBXGroup section */

/* Begin PBXNativeTarget section */
		A471F5251E25162200EED732 /* weeklyweather */ = {
			isa = PBXNativeTarget;
			buildConfigurationList = A471F5381E25162200EED732 /* Build configuration list for PBXNativeTarget "weeklyweather" */;
			buildPhases = (
				FEE0D032B599BE6DAAD51623 /* [CP] Check Pods Manifest.lock */,
				A471F5221E25162200EED732 /* Sources */,
				A471F5231E25162200EED732 /* Frameworks */,
				A471F5241E25162200EED732 /* Resources */,
				48A5C31CC5A4583B7EB8C4CA /* [CP] Embed Pods Frameworks */,
				CE83DE1D6E10B8AB907FAC39 /* [CP] Copy Pods Resources */,
			);
			buildRules = (
			);
			dependencies = (
			);
			name = weeklyweather;
			productName = weeklyweather;
			productReference = A471F5261E25162200EED732 /* weeklyweather.app */;
			productType = "com.apple.product-type.application";
		};
/* End PBXNativeTarget section */

/* Begin PBXProject section */
		A471F51E1E25162200EED732 /* Project object */ = {
			isa = PBXProject;
			attributes = {
				LastSwiftUpdateCheck = 0820;
				LastUpgradeCheck = 0820;
				ORGANIZATIONNAME = "Gayan Jayasundara";
				TargetAttributes = {
					A471F5251E25162200EED732 = {
						CreatedOnToolsVersion = 8.2.1;
						DevelopmentTeam = 9U45GYT9MT;
						LastSwiftMigration = 0820;
						ProvisioningStyle = Automatic;
					};
				};
			};
			buildConfigurationList = A471F5211E25162200EED732 /* Build configuration list for PBXProject "weeklyweather" */;
			compatibilityVersion = "Xcode 3.2";
			developmentRegion = English;
			hasScannedForEncodings = 0;
			knownRegions = (
				en,
				Base,
			);
			mainGroup = A471F51D1E25162200EED732;
			productRefGroup = A471F5271E25162200EED732 /* Products */;
			projectDirPath = "";
			projectRoot = "";
			targets = (
				A471F5251E25162200EED732 /* weeklyweather */,
			);
		};
/* End PBXProject section */

/* Begin PBXResourcesBuildPhase section */
		A471F5241E25162200EED732 /* Resources */ = {
			isa = PBXResourcesBuildPhase;
			buildActionMask = 2147483647;
			files = (
				A471F5341E25162200EED732 /* LaunchScreen.storyboard in Resources */,
				A471F5311E25162200EED732 /* Assets.xcassets in Resources */,
				A471F52F1E25162200EED732 /* Main.storyboard in Resources */,
			);
			runOnlyForDeploymentPostprocessing = 0;
		};
/* End PBXResourcesBuildPhase section */

/* Begin PBXShellScriptBuildPhase section */
		48A5C31CC5A4583B7EB8C4CA /* [CP] Embed Pods Frameworks */ = {
			isa = PBXShellScriptBuildPhase;
			buildActionMask = 2147483647;
			files = (
			);
			inputPaths = (
			);
			name = "[CP] Embed Pods Frameworks";
			outputPaths = (
			);
			runOnlyForDeploymentPostprocessing = 0;
			shellPath = /bin/sh;
			shellScript = "\"${SRCROOT}/Pods/Target Support Files/Pods-weeklyweather/Pods-weeklyweather-frameworks.sh\"\n";
			showEnvVarsInLog = 0;
		};
		CE83DE1D6E10B8AB907FAC39 /* [CP] Copy Pods Resources */ = {
			isa = PBXShellScriptBuildPhase;
			buildActionMask = 2147483647;
			files = (
			);
			inputPaths = (
			);
			name = "[CP] Copy Pods Resources";
			outputPaths = (
			);
			runOnlyForDeploymentPostprocessing = 0;
			shellPath = /bin/sh;
			shellScript = "\"${SRCROOT}/Pods/Target Support Files/Pods-weeklyweather/Pods-weeklyweather-resources.sh\"\n";
			showEnvVarsInLog = 0;
		};
		FEE0D032B599BE6DAAD51623 /* [CP] Check Pods Manifest.lock */ = {
			isa = PBXShellScriptBuildPhase;
			buildActionMask = 2147483647;
			files = (
			);
			inputPaths = (
			);
			name = "[CP] Check Pods Manifest.lock";
			outputPaths = (
			);
			runOnlyForDeploymentPostprocessing = 0;
			shellPath = /bin/sh;
			shellScript = "diff \"${PODS_ROOT}/../Podfile.lock\" \"${PODS_ROOT}/Manifest.lock\" > /dev/null\nif [[ $? != 0 ]] ; then\n    cat << EOM\nerror: The sandbox is not in sync with the Podfile.lock. Run 'pod install' or update your CocoaPods installation.\nEOM\n    exit 1\nfi\n";
			showEnvVarsInLog = 0;
		};
/* End PBXShellScriptBuildPhase section */

/* Begin PBXSourcesBuildPhase section */
		A471F5221E25162200EED732 /* Sources */ = {
			isa = PBXSourcesBuildPhase;
			buildActionMask = 2147483647;
			files = (
				A471F52C1E25162200EED732 /* WeatherVC.swift in Sources */,
				A471F5401E2556AD00EED732 /* Forecast.swift in Sources */,
				A471F5421E256DA800EED732 /* WeatherCell.swift in Sources */,
				A471F52A1E25162200EED732 /* AppDelegate.swift in Sources */,
				A471F53E1E25338700EED732 /* CurrentWeather.swift in Sources */,
				A471F53C1E25317A00EED732 /* Constants.swift in Sources */,
				A471F5441E2576FC00EED732 /* Location.swift in Sources */,
			);
			runOnlyForDeploymentPostprocessing = 0;
		};
/* End PBXSourcesBuildPhase section */

/* Begin PBXVariantGroup section */
		A471F52D1E25162200EED732 /* Main.storyboard */ = {
			isa = PBXVariantGroup;
			children = (
				A471F52E1E25162200EED732 /* Base */,
			);
			name = Main.storyboard;
			sourceTree = "<group>";
		};
		A471F5321E25162200EED732 /* LaunchScreen.storyboard */ = {
			isa = PBXVariantGroup;
			children = (
				A471F5331E25162200EED732 /* Base */,
			);
			name = LaunchScreen.storyboard;
			sourceTree = "<group>";
		};
/* End PBXVariantGroup section */

/* Begin XCBuildConfiguration section */
		A471F5361E25162200EED732 /* Debug */ = {
			isa = XCBuildConfiguration;
			buildSettings = {
				ALWAYS_SEARCH_USER_PATHS = NO;
				CLANG_ANALYZER_NONNULL = YES;
				CLANG_CXX_LANGUAGE_STANDARD = "gnu++0x";
				CLANG_CXX_LIBRARY = "libc++";
				CLANG_ENABLE_MODULES = YES;
				CLANG_ENABLE_OBJC_ARC = YES;
				CLANG_WARN_BOOL_CONVERSION = YES;
				CLANG_WARN_CONSTANT_CONVERSION = YES;
				CLANG_WARN_DIRECT_OBJC_ISA_USAGE = YES_ERROR;
				CLANG_WARN_DOCUMENTATION_COMMENTS = YES;
				CLANG_WARN_EMPTY_BODY = YES;
				CLANG_WARN_ENUM_CONVERSION = YES;
				CLANG_WARN_INFINITE_RECURSION = YES;
				CLANG_WARN_INT_CONVERSION = YES;
				CLANG_WARN_OBJC_ROOT_CLASS = YES_ERROR;
				CLANG_WARN_SUSPICIOUS_MOVE = YES;
				CLANG_WARN_UNREACHABLE_CODE = YES;
				CLANG_WARN__DUPLICATE_METHOD_MATCH = YES;
				"CODE_SIGN_IDENTITY[sdk=iphoneos*]" = "iPhone Developer";
				COPY_PHASE_STRIP = NO;
				DEBUG_INFORMATION_FORMAT = dwarf;
				ENABLE_STRICT_OBJC_MSGSEND = YES;
				ENABLE_TESTABILITY = YES;
				GCC_C_LANGUAGE_STANDARD = gnu99;
				GCC_DYNAMIC_NO_PIC = NO;
				GCC_NO_COMMON_BLOCKS = YES;
				GCC_OPTIMIZATION_LEVEL = 0;
				GCC_PREPROCESSOR_DEFINITIONS = (
					"DEBUG=1",
					"$(inherited)",
				);
				GCC_WARN_64_TO_32_BIT_CONVERSION = YES;
				GCC_WARN_ABOUT_RETURN_TYPE = YES_ERROR;
				GCC_WARN_UNDECLARED_SELECTOR = YES;
				GCC_WARN_UNINITIALIZED_AUTOS = YES_AGGRESSIVE;
				GCC_WARN_UNUSED_FUNCTION = YES;
				GCC_WARN_UNUSED_VARIABLE = YES;
				IPHONEOS_DEPLOYMENT_TARGET = 10.2;
				MTL_ENABLE_DEBUG_INFO = YES;
				ONLY_ACTIVE_ARCH = YES;
				SDKROOT = iphoneos;
				SWIFT_ACTIVE_COMPILATION_CONDITIONS = DEBUG;
				SWIFT_OPTIMIZATION_LEVEL = "-Onone";
				TARGETED_DEVICE_FAMILY = "1,2";
			};
			name = Debug;
		};
		A471F5371E25162200EED732 /* Release */ = {
			isa = XCBuildConfiguration;
			buildSettings = {
				ALWAYS_SEARCH_USER_PATHS = NO;
				CLANG_ANALYZER_NONNULL = YES;
				CLANG_CXX_LANGUAGE_STANDARD = "gnu++0x";
				CLANG_CXX_LIBRARY = "libc++";
				CLANG_ENABLE_MODULES = YES;
				CLANG_ENABLE_OBJC_ARC = YES;
				CLANG_WARN_BOOL_CONVERSION = YES;
				CLANG_WARN_CONSTANT_CONVERSION = YES;
				CLANG_WARN_DIRECT_OBJC_ISA_USAGE = YES_ERROR;
				CLANG_WARN_DOCUMENTATION_COMMENTS = YES;
				CLANG_WARN_EMPTY_BODY = YES;
				CLANG_WARN_ENUM_CONVERSION = YES;
				CLANG_WARN_INFINITE_RECURSION = YES;
				CLANG_WARN_INT_CONVERSION = YES;
				CLANG_WARN_OBJC_ROOT_CLASS = YES_ERROR;
				CLANG_WARN_SUSPICIOUS_MOVE = YES;
				CLANG_WARN_UNREACHABLE_CODE = YES;
				CLANG_WARN__DUPLICATE_METHOD_MATCH = YES;
				"CODE_SIGN_IDENTITY[sdk=iphoneos*]" = "iPhone Developer";
				COPY_PHASE_STRIP = NO;
				DEBUG_INFORMATION_FORMAT = "dwarf-with-dsym";
				ENABLE_NS_ASSERTIONS = NO;
				ENABLE_STRICT_OBJC_MSGSEND = YES;
				GCC_C_LANGUAGE_STANDARD = gnu99;
				GCC_NO_COMMON_BLOCKS = YES;
				GCC_WARN_64_TO_32_BIT_CONVERSION = YES;
				GCC_WARN_ABOUT_RETURN_TYPE = YES_ERROR;
				GCC_WARN_UNDECLARED_SELECTOR = YES;
				GCC_WARN_UNINITIALIZED_AUTOS = YES_AGGRESSIVE;
				GCC_WARN_UNUSED_FUNCTION = YES;
				GCC_WARN_UNUSED_VARIABLE = YES;
				IPHONEOS_DEPLOYMENT_TARGET = 10.2;
				MTL_ENABLE_DEBUG_INFO = NO;
				SDKROOT = iphoneos;
				SWIFT_OPTIMIZATION_LEVEL = "-Owholemodule";
				TARGETED_DEVICE_FAMILY = "1,2";
				VALIDATE_PRODUCT = YES;
			};
			name = Release;
		};
		A471F5391E25162200EED732 /* Debug */ = {
			isa = XCBuildConfiguration;
			baseConfigurationReference = B31E7B7CEA7AA8D14053AF0E /* Pods-weeklyweather.debug.xcconfig */;
			buildSettings = {
				ALWAYS_EMBED_SWIFT_STANDARD_LIBRARIES = YES;
				ASSETCATALOG_COMPILER_APPICON_NAME = AppIcon;
				DEVELOPMENT_TEAM = 9U45GYT9MT;
				INFOPLIST_FILE = weeklyweather/Info.plist;
				LD_RUNPATH_SEARCH_PATHS = "$(inherited) @executable_path/Frameworks";
				PRODUCT_BUNDLE_IDENTIFIER = awesome.gayan.weeklyweather;
				PRODUCT_NAME = "$(TARGET_NAME)";
				SWIFT_VERSION = 3.0;
				TARGETED_DEVICE_FAMILY = 1;
			};
			name = Debug;
		};
		A471F53A1E25162200EED732 /* Release */ = {
			isa = XCBuildConfiguration;
			baseConfigurationReference = 823968FF372969AC2297A149 /* Pods-weeklyweather.release.xcconfig */;
			buildSettings = {
				ALWAYS_EMBED_SWIFT_STANDARD_LIBRARIES = YES;
				ASSETCATALOG_COMPILER_APPICON_NAME = AppIcon;
				DEVELOPMENT_TEAM = 9U45GYT9MT;
				INFOPLIST_FILE = weeklyweather/Info.plist;
				LD_RUNPATH_SEARCH_PATHS = "$(inherited) @executable_path/Frameworks";
				PRODUCT_BUNDLE_IDENTIFIER = awesome.gayan.weeklyweather;
				PRODUCT_NAME = "$(TARGET_NAME)";
				SWIFT_VERSION = 3.0;
				TARGETED_DEVICE_FAMILY = 1;
			};
			name = Release;
		};
/* End XCBuildConfiguration section */

/* Begin XCConfigurationList section */
		A471F5211E25162200EED732 /* Build configuration list for PBXProject "weeklyweather" */ = {
			isa = XCConfigurationList;
			buildConfigurations = (
				A471F5361E25162200EED732 /* Debug */,
				A471F5371E25162200EED732 /* Release */,
			);
			defaultConfigurationIsVisible = 0;
			defaultConfigurationName = Release;
		};
		A471F5381E25162200EED732 /* Build configuration list for PBXNativeTarget "weeklyweather" */ = {
			isa = XCConfigurationList;
			buildConfigurations = (
				A471F5391E25162200EED732 /* Debug */,
				A471F53A1E25162200EED732 /* Release */,
			);
			defaultConfigurationIsVisible = 0;
			defaultConfigurationName = Release;
		};
/* End XCConfigurationList section */
	};
	rootObject = A471F51E1E25162200EED732 /* Project object */;
}
